{
  "name": "ts",
  "version": "1.0.0",
  "lockfileVersion": 1,
  "requires": true,
  "dependencies": {
    "bluebird": {
      "version": "3.5.3",
      "resolved": "http://localhost:4873/bluebird/-/bluebird-3.5.3.tgz",
      "integrity": "sha512-/qKPUQlaW1OyR51WeCPBvRnAlnZFUJkCSG5HzGnuIqhgyJtF+T94lFnn33eiazjRm2LAHVy2guNnaq48X9SJuw=="
    },
    "capnp-ts": {
      "version": "0.4.0",
      "resolved": "http://localhost:4873/capnp-ts/-/capnp-ts-0.4.0.tgz",
      "integrity": "sha512-yfNaoTHdqy7l3Yl1H+VyJTgzdTFAC3jPXqc9wVirg6W7gCGkWKCMI2mgTBh5QtCL91SrGWSsN26JQ8Ok7nrHpQ==",
      "requires": {
        "debug": "^2.6.3",
        "format": "^0.2.2",
        "tslib": "^1.7.1",
        "utf8-encoding": "^0.1.2"
      }
    },
    "capnpc-ts": {
      "version": "0.4.0",
      "resolved": "http://localhost:4873/capnpc-ts/-/capnpc-ts-0.4.0.tgz",
      "integrity": "sha512-oU+BYRyi6f/Tov3/BSFieY1vHyeFJGMiPtZcjf9DTrDALxspbz2Dm1Ax894e4Ycn7m/dW1805OxPdOoenn08kg==",
      "requires": {
        "bluebird": "^3.5.0",
        "capnp-ts": "^0.4.0",
        "debug": "^3.1.0",
        "hex2dec": "^1.0.1",
        "mkdirp": "^0.5.1",
        "ramda": "^0.24.1",
        "tslib": "^1.7.1",
        "typescript": "^2.4.1"
      },
      "dependencies": {
        "debug": {
          "version": "3.2.6",
          "resolved": "http://localhost:4873/debug/-/debug-3.2.6.tgz",
          "integrity": "sha512-mel+jf7nrtEl5Pn1Qx46zARXKDpBbvzezse7p7LqINmdoIk8PYP5SySaxEmYv6TZ0JyEKA1hsCId6DIhgITtWQ==",
          "requires": {
            "ms": "^2.1.1"
          }
        },
        "ms": {
          "version": "2.1.1",
          "resolved": "http://localhost:4873/ms/-/ms-2.1.1.tgz",
          "integrity": "sha512-tgp+dl5cGk28utYktBsrFqA7HKgrhgPsg6Z/EfhWI4gl1Hwq8B/GmY/0oXZ6nF8hDVesS/FpnYaD/kOWhYQvyg=="
        }
      }
    },
    "debug": {
      "version": "2.6.9",
      "resolved": "http://localhost:4873/debug/-/debug-2.6.9.tgz",
      "integrity": "sha512-bC7ElrdJaJnPbAP+1EotYvqZsb3ecl5wi6Bfi6BJTUcNowp6cvspg0jXznRTKDjm/E7AdgFBVeAPVMNcKGsHMA==",
      "requires": {
        "ms": "2.0.0"
      }
    },
    "format": {
      "version": "0.2.2",
      "resolved": "http://localhost:4873/format/-/format-0.2.2.tgz",
      "integrity": "sha1-1hcBB+nv3E7TDJ3DkBbflCtctYs="
    },
    "hex2dec": {
      "version": "1.1.2",
      "resolved": "http://localhost:4873/hex2dec/-/hex2dec-1.1.2.tgz",
      "integrity": "sha512-Yu+q/XWr2fFQ11tHxPq4p4EiNkb2y+lAacJNhAdRXVfRIcDH6gi7htWFnnlIzvqHMHoWeIsfXlNAjZInpAOJDA=="
    },
    "minimist": {
      "version": "0.0.8",
      "resolved": "http://localhost:4873/minimist/-/minimist-0.0.8.tgz",
      "integrity": "sha1-hX/Kv8M5fSYluCKCYuhqp6ARsF0="
    },
    "mkdirp": {
      "version": "0.5.1",
      "resolved": "http://localhost:4873/mkdirp/-/mkdirp-0.5.1.tgz",
      "integrity": "sha1-MAV0OOrGz3+MR2fzhkjWaX11yQM=",
      "requires": {
        "minimist": "0.0.8"
      }
    },
    "ms": {
      "version": "2.0.0",
      "resolved": "http://localhost:4873/ms/-/ms-2.0.0.tgz",
      "integrity": "sha1-VgiurfwAvmwpAd9fmGF4jeDVl8g="
    },
    "obtain-unicode": {
      "version": "0.0.5",
      "resolved": "http://localhost:4873/obtain-unicode/-/obtain-unicode-0.0.5.tgz",
      "integrity": "sha1-ZV8zeo8TUoBJXXemDvxgH5r11dw="
    },
    "ramda": {
      "version": "0.24.1",
      "resolved": "http://localhost:4873/ramda/-/ramda-0.24.1.tgz",
      "integrity": "sha1-w7d1UZfzW43DUCIoJixMkd22uFc="
    },
    "tslib": {
      "version": "1.9.3",
      "resolved": "http://localhost:4873/tslib/-/tslib-1.9.3.tgz",
      "integrity": "sha512-4krF8scpejhaOgqzBEcGM7yDIEfi0/8+8zDRZhNZZ2kjmHJ4hv3zCbQWxoJGz1iw5U0Jl0nma13xzHXcncMavQ=="
    },
    "typescript": {
      "version": "2.9.2",
      "resolved": "http://localhost:4873/typescript/-/typescript-2.9.2.tgz",
      "integrity": "sha512-Gr4p6nFNaoufRIY4NMdpQRNmgxVIGMs4Fcu/ujdYk3nAZqk7supzBE9idmvfZIlH/Cuj//dvi+019qEue9lV0w=="
    },
    "utf8-encoding": {
      "version": "0.1.2",
      "resolved": "http://localhost:4873/utf8-encoding/-/utf8-encoding-0.1.2.tgz",
      "integrity": "sha1-hxcBXLi5I7wDA79K9SCvlvBq6aI=",
      "requires": {
        "obtain-unicode": "~0.0.5"
      }
    }
  }
}
